
Microsoft Visual Studio Solution File, Format Version 12.00
# Visual Studio Version 16
VisualStudioVersion = 16.0.30114.105
MinimumVisualStudioVersion = 10.0.40219.1
Project("{FAE04EC0-301F-11D3-BF4B-00C04F79EFBC}") = "API", "API\API.csproj", "{DDE2CE9A-C24D-449A-A84C-068D7149522E}"
EndProject
Global
	GlobalSection(SolutionConfigurationPlatforms) = preSolution
		Debug|Any CPU = Debug|Any CPU
		Release|Any CPU = Release|Any CPU
	EndGlobalSection
	GlobalSection(SolutionProperties) = preSolution
		HideSolutionNode = FALSE
	EndGlobalSection
	GlobalSection(ProjectConfigurationPlatforms) = postSolution
		{DDE2CE9A-C24D-449A-A84C-068D7149522E}.Debug|Any CPU.ActiveCfg = Debug|Any CPU
		{DDE2CE9A-C24D-449A-A84C-068D7149522E}.Debug|Any CPU.Build.0 = Debug|Any CPU
		{DDE2CE9A-C24D-449A-A84C-068D7149522E}.Release|Any CPU.ActiveCfg = Release|Any CPU
		{DDE2CE9A-C24D-449A-A84C-068D7149522E}.Release|Any CPU.Build.0 = Release|Any CPU
	EndGlobalSection
EndGlobal
